{
  "lockfileVersion": 1,
  "configVersion": 1,
  "workspaces": {
    "": {
      "dependencies": {
        "lucide": "^1.21.0",
      },
    },
  },
  "packages": {
    "lucide": ["lucide@1.21.0", "", {}, "sha512-m8g+tPjt1am9YBygKb36o2JOu5xOg7usbz0EORvPjn6MacIVy7desH1SNnV1ziMFHRGMGCcF5r1Jj80TxF2UTw=="],
  }
}
